
Microsoft Visual Studio Solution File, Format Version 12.00
# Visual Studio 14
VisualStudioVersion = 14.0.23107.0
MinimumVisualStudioVersion = 10.0.40219.1
Project("{FAE04EC0-301F-11D3-BF4B-00C04F79EFBC}") = "ArnelLab", "ArnelLab\ArnelLab.csproj", "{618466F6-D43E-4F7C-9B56-1A76BB0A6088}"
EndProject
Project("{FAE04EC0-301F-11D3-BF4B-00C04F79EFBC}") = "Lab1", "Lab1\Lab1.csproj", "{D28CAE7F-10DA-447F-A665-72DD65D96C1E}"
EndProject
Project("{FAE04EC0-301F-11D3-BF4B-00C04F79EFBC}") = "Lab2", "Lab2\Lab2.csproj", "{8CD18CB2-3D96-4381-8319-C128A8965A23}"
EndProject
Global
	GlobalSection(SolutionConfigurationPlatforms) = preSolution
		Debug|Any CPU = Debug|Any CPU
		Release|Any CPU = Release|Any CPU
	EndGlobalSection
	GlobalSection(ProjectConfigurationPlatforms) = postSolution
		{618466F6-D43E-4F7C-9B56-1A76BB0A6088}.Debug|Any CPU.ActiveCfg = Debug|Any CPU
		{618466F6-D43E-4F7C-9B56-1A76BB0A6088}.Debug|Any CPU.Build.0 = Debug|Any CPU
		{618466F6-D43E-4F7C-9B56-1A76BB0A6088}.Release|Any CPU.ActiveCfg = Release|Any CPU
		{618466F6-D43E-4F7C-9B56-1A76BB0A6088}.Release|Any CPU.Build.0 = Release|Any CPU
		{D28CAE7F-10DA-447F-A665-72DD65D96C1E}.Debug|Any CPU.ActiveCfg = Debug|Any CPU
		{D28CAE7F-10DA-447F-A665-72DD65D96C1E}.Debug|Any CPU.Build.0 = Debug|Any CPU
		{D28CAE7F-10DA-447F-A665-72DD65D96C1E}.Release|Any CPU.ActiveCfg = Release|Any CPU
		{D28CAE7F-10DA-447F-A665-72DD65D96C1E}.Release|Any CPU.Build.0 = Release|Any CPU
		{8CD18CB2-3D96-4381-8319-C128A8965A23}.Debug|Any CPU.ActiveCfg = Debug|Any CPU
		{8CD18CB2-3D96-4381-8319-C128A8965A23}.Debug|Any CPU.Build.0 = Debug|Any CPU
		{8CD18CB2-3D96-4381-8319-C128A8965A23}.Release|Any CPU.ActiveCfg = Release|Any CPU
		{8CD18CB2-3D96-4381-8319-C128A8965A23}.Release|Any CPU.Build.0 = Release|Any CPU
	EndGlobalSection
	GlobalSection(SolutionProperties) = preSolution
		HideSolutionNode = FALSE
	EndGlobalSection
EndGlobal
